
Microsoft Visual Studio Solution File, Format Version 12.00
# Visual Studio 15
VisualStudioVersion = 15.0.28307.271
MinimumVisualStudioVersion = 10.0.40219.1
Project("{FAE04EC0-301F-11D3-BF4B-00C04F79EFBC}") = "Entidades", "Entidades\Entidades.csproj", "{ADD88549-93D3-446E-ADED-F7B76D7327CC}"
EndProject
Project("{FAE04EC0-301F-11D3-BF4B-00C04F79EFBC}") = "MiCalculadora", "MiCalculadora\MiCalculadora.csproj", "{BBDAB2CC-BE06-4F85-961C-EAB4C297E15E}"
EndProject
Global
	GlobalSection(SolutionConfigurationPlatforms) = preSolution
		Debug|Any CPU = Debug|Any CPU
		Release|Any CPU = Release|Any CPU
	EndGlobalSection
	GlobalSection(ProjectConfigurationPlatforms) = postSolution
		{ADD88549-93D3-446E-ADED-F7B76D7327CC}.Debug|Any CPU.ActiveCfg = Debug|Any CPU
		{ADD88549-93D3-446E-ADED-F7B76D7327CC}.Debug|Any CPU.Build.0 = Debug|Any CPU
		{ADD88549-93D3-446E-ADED-F7B76D7327CC}.Release|Any CPU.ActiveCfg = Release|Any CPU
		{ADD88549-93D3-446E-ADED-F7B76D7327CC}.Release|Any CPU.Build.0 = Release|Any CPU
		{BBDAB2CC-BE06-4F85-961C-EAB4C297E15E}.Debug|Any CPU.ActiveCfg = Debug|Any CPU
		{BBDAB2CC-BE06-4F85-961C-EAB4C297E15E}.Debug|Any CPU.Build.0 = Debug|Any CPU
		{BBDAB2CC-BE06-4F85-961C-EAB4C297E15E}.Release|Any CPU.ActiveCfg = Release|Any CPU
		{BBDAB2CC-BE06-4F85-961C-EAB4C297E15E}.Release|Any CPU.Build.0 = Release|Any CPU
	EndGlobalSection
	GlobalSection(SolutionProperties) = preSolution
		HideSolutionNode = FALSE
	EndGlobalSection
	GlobalSection(ExtensibilityGlobals) = postSolution
		SolutionGuid = {89A5817F-6C33-4FFE-A328-F5BC87A8872F}
	EndGlobalSection
EndGlobal
